
Microsoft Visual Studio Solution File, Format Version 12.00
# Visual Studio 14
VisualStudioVersion = 14.0.24720.0
MinimumVisualStudioVersion = 10.0.40219.1
Project("{FAE04EC0-301F-11D3-BF4B-00C04F79EFBC}") = "CssTest", "CssTest\CssTest.csproj", "{8C91F664-9AFA-4BC7-BA7B-DF817EA3BB0D}"
EndProject
Project("{9092AA53-FB77-4645-B42D-1CCCA6BD08BD}") = "NodejsWebApp2", "NodejsWebApp2\NodejsWebApp2.njsproj", "{D0D1762D-7AC1-460D-98C2-B0F38E3DD07F}"
EndProject
Global
	GlobalSection(SolutionConfigurationPlatforms) = preSolution
		Debug|Any CPU = Debug|Any CPU
		Release|Any CPU = Release|Any CPU
	EndGlobalSection
	GlobalSection(ProjectConfigurationPlatforms) = postSolution
		{8C91F664-9AFA-4BC7-BA7B-DF817EA3BB0D}.Debug|Any CPU.ActiveCfg = Debug|Any CPU
		{8C91F664-9AFA-4BC7-BA7B-DF817EA3BB0D}.Debug|Any CPU.Build.0 = Debug|Any CPU
		{8C91F664-9AFA-4BC7-BA7B-DF817EA3BB0D}.Release|Any CPU.ActiveCfg = Release|Any CPU
		{8C91F664-9AFA-4BC7-BA7B-DF817EA3BB0D}.Release|Any CPU.Build.0 = Release|Any CPU
		{D0D1762D-7AC1-460D-98C2-B0F38E3DD07F}.Debug|Any CPU.ActiveCfg = Debug|Any CPU
		{D0D1762D-7AC1-460D-98C2-B0F38E3DD07F}.Debug|Any CPU.Build.0 = Debug|Any CPU
		{D0D1762D-7AC1-460D-98C2-B0F38E3DD07F}.Release|Any CPU.ActiveCfg = Release|Any CPU
		{D0D1762D-7AC1-460D-98C2-B0F38E3DD07F}.Release|Any CPU.Build.0 = Release|Any CPU
	EndGlobalSection
	GlobalSection(SolutionProperties) = preSolution
		HideSolutionNode = FALSE
	EndGlobalSection
EndGlobal
